
Microsoft Visual Studio Solution File, Format Version 12.00
# Visual Studio Version 17
VisualStudioVersion = 17.3.32929.385
MinimumVisualStudioVersion = 10.0.40219.1
Project("{FAE04EC0-301F-11D3-BF4B-00C04F79EFBC}") = "App1", "App1\App1.csproj", "{BF297306-0571-4B79-8903-3047B61488D9}"
EndProject
Global
	GlobalSection(SolutionConfigurationPlatforms) = preSolution
		Debug|Any CPU = Debug|Any CPU
		Release|Any CPU = Release|Any CPU
	EndGlobalSection
	GlobalSection(ProjectConfigurationPlatforms) = postSolution
		{BF297306-0571-4B79-8903-3047B61488D9}.Debug|Any CPU.ActiveCfg = Debug|Any CPU
		{BF297306-0571-4B79-8903-3047B61488D9}.Debug|Any CPU.Build.0 = Debug|Any CPU
		{BF297306-0571-4B79-8903-3047B61488D9}.Release|Any CPU.ActiveCfg = Release|Any CPU
		{BF297306-0571-4B79-8903-3047B61488D9}.Release|Any CPU.Build.0 = Release|Any CPU
	EndGlobalSection
	GlobalSection(SolutionProperties) = preSolution
		HideSolutionNode = FALSE
	EndGlobalSection
	GlobalSection(ExtensibilityGlobals) = postSolution
		SolutionGuid = {A69B6A1A-091E-4D04-90D8-45D92CB8D66E}
	EndGlobalSection
EndGlobal
